
Microsoft Visual Studio Solution File, Format Version 12.00
# Visual Studio Version 18
VisualStudioVersion = 18.6.11819.183 stable
MinimumVisualStudioVersion = 10.0.40219.1
Project("{FAE04EC0-301F-11D3-BF4B-00C04F79EFBC}") = "TCP,UDP#1", "example348-1\TCP,UDP#1.csproj", "{DC194838-92FA-4D65-A4F5-9D3B260DF63A}"
EndProject
Global
	GlobalSection(SolutionConfigurationPlatforms) = preSolution
		Debug|Any CPU = Debug|Any CPU
		Release|Any CPU = Release|Any CPU
	EndGlobalSection
	GlobalSection(ProjectConfigurationPlatforms) = postSolution
		{DC194838-92FA-4D65-A4F5-9D3B260DF63A}.Debug|Any CPU.ActiveCfg = Debug|Any CPU
		{DC194838-92FA-4D65-A4F5-9D3B260DF63A}.Debug|Any CPU.Build.0 = Debug|Any CPU
		{DC194838-92FA-4D65-A4F5-9D3B260DF63A}.Release|Any CPU.ActiveCfg = Release|Any CPU
		{DC194838-92FA-4D65-A4F5-9D3B260DF63A}.Release|Any CPU.Build.0 = Release|Any CPU
	EndGlobalSection
	GlobalSection(SolutionProperties) = preSolution
		HideSolutionNode = FALSE
	EndGlobalSection
	GlobalSection(ExtensibilityGlobals) = postSolution
		SolutionGuid = {08895DDC-3A71-4012-B46C-D2D07EAEBE3B}
	EndGlobalSection
EndGlobal
